
Microsoft Visual Studio Solution File, Format Version 12.00
# Visual Studio Version 17
VisualStudioVersion = 17.12.35527.113
MinimumVisualStudioVersion = 10.0.40219.1
Project("{FAE04EC0-301F-11D3-BF4B-00C04F79EFBC}") = "QAPlatformAPI", "QAPlatformAPI\QAPlatformAPI.csproj", "{F6742873-1F1E-42FF-9BB0-E2FA9A4517A4}"
EndProject
Project("{FAE04EC0-301F-11D3-BF4B-00C04F79EFBC}") = "Infrastructure", "Infrastructure\Infrastructure.csproj", "{3AD467B2-5AF9-4E5D-A348-CC02E7006E41}"
EndProject
Project("{FAE04EC0-301F-11D3-BF4B-00C04F79EFBC}") = "Domain", "Domain\Domain.csproj", "{84B76ECC-92A6-456E-901B-DE576EBDE2F3}"
EndProject
Project("{FAE04EC0-301F-11D3-BF4B-00C04F79EFBC}") = "Presentation", "Presentation\Presentation.csproj", "{A304A7EC-411A-4223-877B-FB013FB57B8F}"
EndProject
Project("{FAE04EC0-301F-11D3-BF4B-00C04F79EFBC}") = "Application", "Application\Application.csproj", "{976C339C-368B-4856-B2BB-B7CF0C980A16}"
EndProject
Project("{FAE04EC0-301F-11D3-BF4B-00C04F79EFBC}") = "Application.Tests", "Application.Tests\Application.Tests.csproj", "{7C0200DD-1D22-4FAD-B4B6-F2B83EF179CF}"
EndProject
Project("{FAE04EC0-301F-11D3-BF4B-00C04F79EFBC}") = "QAPlatformAPI.IntegrationTests", "QAPlatformAPI.IntegrationTests\QAPlatformAPI.IntegrationTests.csproj", "{3EFB94E7-3669-4109-B5DD-22A268F3C791}"
EndProject
Project("{2150E333-8FDC-42A3-9474-1A3956D46DE8}") = "tests", "tests", "{DFC1D3E5-7E2D-45AE-A00E-007A8A4BD9F5}"
EndProject
Project("{FAE04EC0-301F-11D3-BF4B-00C04F79EFBC}") = "QAPlatformAPI.AcceptanceTests", "QAPlatformAPI.AcceptanceTests\QAPlatformAPI.AcceptanceTests.csproj", "{7E3AB2B1-0DE5-4942-A40C-8C759DCAF3FB}"
EndProject
Project("{2150E333-8FDC-42A3-9474-1A3956D46DE8}") = "src", "src", "{ABB762A7-4C20-45A2-B331-E1F17F258D97}"
EndProject
Global
	GlobalSection(SolutionConfigurationPlatforms) = preSolution
		Debug|Any CPU = Debug|Any CPU
		Release|Any CPU = Release|Any CPU
	EndGlobalSection
	GlobalSection(ProjectConfigurationPlatforms) = postSolution
		{F6742873-1F1E-42FF-9BB0-E2FA9A4517A4}.Debug|Any CPU.ActiveCfg = Debug|Any CPU
		{F6742873-1F1E-42FF-9BB0-E2FA9A4517A4}.Debug|Any CPU.Build.0 = Debug|Any CPU
		{F6742873-1F1E-42FF-9BB0-E2FA9A4517A4}.Release|Any CPU.ActiveCfg = Release|Any CPU
		{F6742873-1F1E-42FF-9BB0-E2FA9A4517A4}.Release|Any CPU.Build.0 = Release|Any CPU
		{3AD467B2-5AF9-4E5D-A348-CC02E7006E41}.Debug|Any CPU.ActiveCfg = Debug|Any CPU
		{3AD467B2-5AF9-4E5D-A348-CC02E7006E41}.Debug|Any CPU.Build.0 = Debug|Any CPU
		{3AD467B2-5AF9-4E5D-A348-CC02E7006E41}.Release|Any CPU.ActiveCfg = Release|Any CPU
		{3AD467B2-5AF9-4E5D-A348-CC02E7006E41}.Release|Any CPU.Build.0 = Release|Any CPU
		{84B76ECC-92A6-456E-901B-DE576EBDE2F3}.Debug|Any CPU.ActiveCfg = Debug|Any CPU
		{84B76ECC-92A6-456E-901B-DE576EBDE2F3}.Debug|Any CPU.Build.0 = Debug|Any CPU
		{84B76ECC-92A6-456E-901B-DE576EBDE2F3}.Release|Any CPU.ActiveCfg = Release|Any CPU
		{84B76ECC-92A6-456E-901B-DE576EBDE2F3}.Release|Any CPU.Build.0 = Release|Any CPU
		{A304A7EC-411A-4223-877B-FB013FB57B8F}.Debug|Any CPU.ActiveCfg = Debug|Any CPU
		{A304A7EC-411A-4223-877B-FB013FB57B8F}.Debug|Any CPU.Build.0 = Debug|Any CPU
		{A304A7EC-411A-4223-877B-FB013FB57B8F}.Release|Any CPU.ActiveCfg = Release|Any CPU
		{A304A7EC-411A-4223-877B-FB013FB57B8F}.Release|Any CPU.Build.0 = Release|Any CPU
		{976C339C-368B-4856-B2BB-B7CF0C980A16}.Debug|Any CPU.ActiveCfg = Debug|Any CPU
		{976C339C-368B-4856-B2BB-B7CF0C980A16}.Debug|Any CPU.Build.0 = Debug|Any CPU
		{976C339C-368B-4856-B2BB-B7CF0C980A16}.Release|Any CPU.ActiveCfg = Release|Any CPU
		{976C339C-368B-4856-B2BB-B7CF0C980A16}.Release|Any CPU.Build.0 = Release|Any CPU
		{7C0200DD-1D22-4FAD-B4B6-F2B83EF179CF}.Debug|Any CPU.ActiveCfg = Debug|Any CPU
		{7C0200DD-1D22-4FAD-B4B6-F2B83EF179CF}.Debug|Any CPU.Build.0 = Debug|Any CPU
		{7C0200DD-1D22-4FAD-B4B6-F2B83EF179CF}.Release|Any CPU.ActiveCfg = Release|Any CPU
		{7C0200DD-1D22-4FAD-B4B6-F2B83EF179CF}.Release|Any CPU.Build.0 = Release|Any CPU
		{3EFB94E7-3669-4109-B5DD-22A268F3C791}.Debug|Any CPU.ActiveCfg = Debug|Any CPU
		{3EFB94E7-3669-4109-B5DD-22A268F3C791}.Debug|Any CPU.Build.0 = Debug|Any CPU
		{3EFB94E7-3669-4109-B5DD-22A268F3C791}.Release|Any CPU.ActiveCfg = Release|Any CPU
		{3EFB94E7-3669-4109-B5DD-22A268F3C791}.Release|Any CPU.Build.0 = Release|Any CPU
		{7E3AB2B1-0DE5-4942-A40C-8C759DCAF3FB}.Debug|Any CPU.ActiveCfg = Debug|Any CPU
		{7E3AB2B1-0DE5-4942-A40C-8C759DCAF3FB}.Debug|Any CPU.Build.0 = Debug|Any CPU
		{7E3AB2B1-0DE5-4942-A40C-8C759DCAF3FB}.Release|Any CPU.ActiveCfg = Release|Any CPU
		{7E3AB2B1-0DE5-4942-A40C-8C759DCAF3FB}.Release|Any CPU.Build.0 = Release|Any CPU
	EndGlobalSection
	GlobalSection(SolutionProperties) = preSolution
		HideSolutionNode = FALSE
	EndGlobalSection
	GlobalSection(NestedProjects) = preSolution
		{7C0200DD-1D22-4FAD-B4B6-F2B83EF179CF} = {DFC1D3E5-7E2D-45AE-A00E-007A8A4BD9F5}
		{3EFB94E7-3669-4109-B5DD-22A268F3C791} = {DFC1D3E5-7E2D-45AE-A00E-007A8A4BD9F5}
		{7E3AB2B1-0DE5-4942-A40C-8C759DCAF3FB} = {DFC1D3E5-7E2D-45AE-A00E-007A8A4BD9F5}
	EndGlobalSection
EndGlobal
